{
  "name": "ionic-nav-bug",
  "version": "0.0.1",
  "lockfileVersion": 1,
  "requires": true,
  "dependencies": {
    "@ionic/core": {
      "version": "4.7.2",
      "resolved": "https://registry.npmjs.org/@ionic/core/-/core-4.7.2.tgz",
      "integrity": "sha512-PmgoFFBkLnucvlPbAGPRnfHx0Q2ler0YbRr1s/lShloHm588mWPAJEYsI4YN2dM8OHJ818/xzmUCLOwAIraQ1w==",
      "requires": {
        "ionicons": "^4.6.2",
        "tslib": "^1.10.0"
      }
    },
    "@stencil/core": {
      "version": "1.2.3",
      "resolved": "https://registry.npmjs.org/@stencil/core/-/core-1.2.3.tgz",
      "integrity": "sha512-kfeq5y6Ltp8ObiamdYYuzf9I+8kDYiogpfEleF/HGQHrfnp6y57IhpEjSTC4pgkbXFV/PzVwRVOl9dsbjlw8yw==",
      "dev": true,
      "requires": {
        "typescript": "3.5.3"
      }
    },
    "ionicons": {
      "version": "4.6.2",
      "resolved": "https://registry.npmjs.org/ionicons/-/ionicons-4.6.2.tgz",
      "integrity": "sha512-OGQO/GCKFwHh5lX9wYzgfLjuj2rnQavixVgK3iv8nm7tcgYQVHw7MNNwNHY4H97ZlKiVx3qj4X5Txv9fx95oBw=="
    },
    "tslib": {
      "version": "1.10.0",
      "resolved": "https://registry.npmjs.org/tslib/-/tslib-1.10.0.tgz",
      "integrity": "sha512-qOebF53frne81cf0S9B41ByenJ3/IuH8yJKngAX35CmiZySA0khhkovshKK+jGCaMnVomla7gVlIcc3EvKPbTQ=="
    },
    "typescript": {
      "version": "3.5.3",
      "resolved": "https://registry.npmjs.org/typescript/-/typescript-3.5.3.tgz",
      "integrity": "sha512-ACzBtm/PhXBDId6a6sDJfroT2pOWt/oOnk4/dElG5G33ZL776N3Y6/6bKZJBFpd+b05F3Ct9qDjMeJmRWtE2/g==",
      "dev": true
    }
  }
}
