{
  "name": "ionic-nav-bug",
  "version": "0.0.1",
  "lockfileVersion": 1,
  "requires": true,
  "dependencies": {
    "@ionic/core": {
      "version": "5.0.0-rc.2",
      "resolved": "https://registry.npmjs.org/@ionic/core/-/core-5.0.0-rc.2.tgz",
      "integrity": "sha512-6WSqZjx6Qu/uXsbrGMqcJEGGquDSx3TF2D3LBvmExUrn/5JQzc/v0UT4U+Z8dQbST3dzk99bavhpN9LYSqWE2A==",
      "requires": {
        "ionicons": "5.0.0-17",
        "tslib": "^1.10.0"
      }
    },
    "@stencil/core": {
      "version": "1.9.0-13",
      "resolved": "https://registry.npmjs.org/@stencil/core/-/core-1.9.0-13.tgz",
      "integrity": "sha512-cRLl9Cv22+5ys7+G1PgC0UApZFzCvLrLx5aiI22cbpz7RnXXRk8B7mTaQvp4+Lup5lCRp/z7LJYSCNdePbByhQ==",
      "dev": true,
      "requires": {
        "typescript": "3.7.4"
      }
    },
    "ionicons": {
      "version": "5.0.0-17",
      "resolved": "https://registry.npmjs.org/ionicons/-/ionicons-5.0.0-17.tgz",
      "integrity": "sha512-Ih63KBQiPLTnEkCyC/g3fBWl2c0Id7581opRzHe6cxO2Vs6vymskkhdinEUwAYuqUvJY3mYasxpMqSF5W5GLsQ=="
    },
    "tslib": {
      "version": "1.10.0",
      "resolved": "https://registry.npmjs.org/tslib/-/tslib-1.10.0.tgz",
      "integrity": "sha512-qOebF53frne81cf0S9B41ByenJ3/IuH8yJKngAX35CmiZySA0khhkovshKK+jGCaMnVomla7gVlIcc3EvKPbTQ=="
    },
    "typescript": {
      "version": "3.7.4",
      "resolved": "https://registry.npmjs.org/typescript/-/typescript-3.7.4.tgz",
      "integrity": "sha512-A25xv5XCtarLwXpcDNZzCGvW2D1S3/bACratYBx2sax8PefsFhlYmkQicKHvpYflFS8if4zne5zT5kpJ7pzuvw==",
      "dev": true
    }
  }
}
